
Microsoft Visual Studio Solution File, Format Version 12.00
# Visual Studio Version 17
VisualStudioVersion = 17.4.33205.214
MinimumVisualStudioVersion = 10.0.40219.1
Project("{FAE04EC0-301F-11D3-BF4B-00C04F79EFBC}") = "102210247_LeVanTienDat", "102210247_LeVanTienDat.csproj", "{16859C7C-C211-40F3-99E2-03430104C6BA}"
EndProject
Global
	GlobalSection(SolutionConfigurationPlatforms) = preSolution
		Debug|Any CPU = Debug|Any CPU
		Release|Any CPU = Release|Any CPU
	EndGlobalSection
	GlobalSection(ProjectConfigurationPlatforms) = postSolution
		{16859C7C-C211-40F3-99E2-03430104C6BA}.Debug|Any CPU.ActiveCfg = Debug|Any CPU
		{16859C7C-C211-40F3-99E2-03430104C6BA}.Debug|Any CPU.Build.0 = Debug|Any CPU
		{16859C7C-C211-40F3-99E2-03430104C6BA}.Release|Any CPU.ActiveCfg = Release|Any CPU
		{16859C7C-C211-40F3-99E2-03430104C6BA}.Release|Any CPU.Build.0 = Release|Any CPU
	EndGlobalSection
	GlobalSection(SolutionProperties) = preSolution
		HideSolutionNode = FALSE
	EndGlobalSection
	GlobalSection(ExtensibilityGlobals) = postSolution
		SolutionGuid = {D4B5E49A-1B66-4EDA-A409-EF460C749C7F}
	EndGlobalSection
EndGlobal
